# This file is automatically @generated by Cargo.
# It is not intended for manual editing.
[[package]]
name = "ahash"
version = "0.4.7"
source = "registry+https://github.com/rust-lang/crates.io-index"
checksum = "739f4a8db6605981345c5654f3a85b056ce52f37a39d34da03f25bf2151ea16e"

[[package]]
name = "aho-corasick"
version = "0.7.15"
source = "registry+https://github.com/rust-lang/crates.io-index"
checksum = "7404febffaa47dac81aa44dba71523c9d069b1bdc50a77db41195149e17f68e5"
dependencies = [
 "memchr",
]

[[package]]
name = "anymap"
version = "0.12.1"
source = "registry+https://github.com/rust-lang/crates.io-index"
checksum = "33954243bd79057c2de7338850b85983a44588021f8a5fee574a8888c6de4344"

[[package]]
name = "array-init"
version = "0.0.4"
source = "registry+https://github.com/rust-lang/crates.io-index"
checksum = "23589ecb866b460d3a0f1278834750268c607e8e28a1b982c907219f3178cd72"
dependencies = [
 "nodrop",
]

[[package]]
name = "atomic_hooks"
version = "0.1.6"
source = "git+https://github.com/seed-rs/styles_hooks?branch=main#354325090fac907fec36517eef9c39ebc4c7bbe2"
dependencies = [
 "anymap",
 "atomic_hooks_macros",
 "illicit",
 "slotmap",
 "topo",
 "typemap",
]

[[package]]
name = "atomic_hooks_macros"
version = "0.1.6"
source = "git+https://github.com/seed-rs/styles_hooks?branch=main#354325090fac907fec36517eef9c39ebc4c7bbe2"
dependencies = [
 "darling",
 "illicit",
 "proc-macro2 1.0.26",
 "quote 1.0.9",
 "syn 1.0.68",
]

[[package]]
name = "autocfg"
version = "1.0.1"
source = "registry+https://github.com/rust-lang/crates.io-index"
checksum = "cdb031dd78e28731d87d56cc8ffef4a8f36ca26c38fe2de700543e627f8a464a"

[[package]]
name = "base-x"
version = "0.2.8"
source = "registry+https://github.com/rust-lang/crates.io-index"
checksum = "a4521f3e3d031370679b3b140beb36dfe4801b09ac77e30c61941f97df3ef28b"

[[package]]
name = "base64"
version = "0.13.0"
source = "registry+https://github.com/rust-lang/crates.io-index"
checksum = "904dfeac50f3cdaba28fc6f57fdcddb75f49ed61346676a78c4ffe55877802fd"

[[package]]
name = "bitflags"
version = "1.2.1"
source = "registry+https://github.com/rust-lang/crates.io-index"
checksum = "cf1de2fe8c75bc145a2f577add951f8134889b4795d47466a54a5c846d691693"

[[package]]
name = "boolinator"
version = "2.4.0"
source = "registry+https://github.com/rust-lang/crates.io-index"
checksum = "cfa8873f51c92e232f9bac4065cddef41b714152812bfc5f7672ba16d6ef8cd9"

[[package]]
name = "bumpalo"
version = "3.6.1"
source = "registry+https://github.com/rust-lang/crates.io-index"
checksum = "63396b8a4b9de3f4fdfb320ab6080762242f66a8ef174c49d8e19b674db4cdbe"

[[package]]
name = "byteorder"
version = "1.4.2"
source = "registry+https://github.com/rust-lang/crates.io-index"
checksum = "ae44d1a3d5a19df61dd0c8beb138458ac2a53a7ac09eba97d55592540004306b"

[[package]]
name = "bytes"
version = "1.0.1"
source = "registry+https://github.com/rust-lang/crates.io-index"
checksum = "b700ce4376041dcd0a327fd0097c41095743c4c8af8887265942faf1100bd040"

[[package]]
name = "case"
version = "1.0.0"
source = "registry+https://github.com/rust-lang/crates.io-index"
checksum = "fd6c0e7b807d60291f42f33f58480c0bfafe28ed08286446f45e463728cf9c1c"

[[package]]
name = "cfg-if"
version = "0.1.10"
source = "registry+https://github.com/rust-lang/crates.io-index"
checksum = "4785bdd1c96b2a846b2bd7cc02e86b6b3dbf14e7e53446c4f54c92a361040822"

[[package]]
name = "cfg-if"
version = "1.0.0"
source = "registry+https://github.com/rust-lang/crates.io-index"
checksum = "baf1de4339761588bc0619e3cbc0120ee582ebb74b53b4efbf79117bd2da40fd"

[[package]]
name = "chrono"
version = "0.4.19"
source = "registry+https://github.com/rust-lang/crates.io-index"
checksum = "670ad68c9088c2a963aaa298cb369688cf3f9465ce5e2d4ca10e6e0098a1ce73"
dependencies = [
 "libc",
 "num-integer",
 "num-traits",
 "serde",
 "time 0.1.44",
 "winapi",
]

[[package]]
name = "console_error_panic_hook"
version = "0.1.6"
source = "registry+https://github.com/rust-lang/crates.io-index"
checksum = "b8d976903543e0c48546a91908f21588a680a8c8f984df9a5d69feccb2b2a211"
dependencies = [
 "cfg-if 0.1.10",
 "wasm-bindgen",
]

[[package]]
name = "const_fn"
version = "0.4.5"
source = "registry+https://github.com/rust-lang/crates.io-index"
checksum = "28b9d6de7f49e22cf97ad17fc4036ece69300032f45f78f30b4a4482cdc3f4a6"

[[package]]
name = "cookie"
version = "0.14.4"
source = "registry+https://github.com/rust-lang/crates.io-index"
checksum = "03a5d7b21829bc7b4bf4754a978a241ae54ea55a40f92bb20216e54096f4b951"
dependencies = [
 "percent-encoding",
 "time 0.2.25",
 "version_check 0.9.2",
]

[[package]]
name = "darling"
version = "0.10.2"
source = "registry+https://github.com/rust-lang/crates.io-index"
checksum = "0d706e75d87e35569db781a9b5e2416cff1236a47ed380831f959382ccd5f858"
dependencies = [
 "darling_core",
 "darling_macro",
]

[[package]]
name = "darling_core"
version = "0.10.2"
source = "registry+https://github.com/rust-lang/crates.io-index"
checksum = "f0c960ae2da4de88a91b2d920c2a7233b400bc33cb28453a2987822d8392519b"
dependencies = [
 "fnv",
 "ident_case",
 "proc-macro2 1.0.26",
 "quote 1.0.9",
 "strsim",
 "syn 1.0.68",
]

[[package]]
name = "darling_macro"
version = "0.10.2"
source = "registry+https://github.com/rust-lang/crates.io-index"
checksum = "d9b5a2f4ac4969822c62224815d069952656cadc7084fdca9751e6d959189b72"
dependencies = [
 "darling_core",
 "quote 1.0.9",
 "syn 1.0.68",
]

[[package]]
name = "dbg"
version = "1.0.4"
source = "registry+https://github.com/rust-lang/crates.io-index"
checksum = "4677188513e0e9d7adced5997cf9a1e7a3c996c994f90093325c5332c1a8b221"
dependencies = [
 "version_check 0.1.5",
]

[[package]]
name = "derivative"
version = "2.1.3"
source = "registry+https://github.com/rust-lang/crates.io-index"
checksum = "eaed5874effa6cde088c644ddcdcb4ffd1511391c5be4fdd7a5ccd02c7e4a183"
dependencies = [
 "proc-macro2 1.0.26",
 "quote 1.0.9",
 "syn 1.0.68",
]

[[package]]
name = "derive_more"
version = "0.99.11"
source = "registry+https://github.com/rust-lang/crates.io-index"
checksum = "41cb0e6161ad61ed084a36ba71fbba9e3ac5aee3606fb607fe08da6acbcf3d8c"
dependencies = [
 "proc-macro2 1.0.26",
 "quote 1.0.9",
 "syn 1.0.68",
]

[[package]]
name = "discard"
version = "1.0.4"
source = "registry+https://github.com/rust-lang/crates.io-index"
checksum = "212d0f5754cb6769937f4501cc0e67f4f4483c8d2c3e1e922ee9edbe4ab4c7c0"

[[package]]
name = "downcast-rs"
version = "1.2.0"
source = "registry+https://github.com/rust-lang/crates.io-index"
checksum = "9ea835d29036a4087793836fa931b08837ad5e957da9e23886b29586fb9b6650"

[[package]]
name = "dyn-cache"
version = "0.12.1"
source = "registry+https://github.com/rust-lang/crates.io-index"
checksum = "a8d34607e14125f5a3ee85dfc30bb470cb0deb003199a7a7eeb8032983336869"
dependencies = [
 "downcast-rs",
 "hash_hasher",
 "hashbrown",
 "illicit",
 "parking_lot",
 "paste",
]

[[package]]
name = "eager"
version = "0.1.0"
source = "registry+https://github.com/rust-lang/crates.io-index"
checksum = "abe71d579d1812060163dff96056261deb5bf6729b100fa2e36a68b9649ba3d3"

[[package]]
name = "either"
version = "1.6.1"
source = "registry+https://github.com/rust-lang/crates.io-index"
checksum = "e78d4f1cc4ae33bbfc157ed5d5a5ef3bc29227303d595861deb238fcec4e9457"

[[package]]
name = "enclose"
version = "1.1.8"
source = "registry+https://github.com/rust-lang/crates.io-index"
checksum = "1056f553da426e9c025a662efa48b52e62e0a3a7648aa2d15aeaaf7f0d329357"

[[package]]
name = "fnv"
version = "1.0.7"
source = "registry+https://github.com/rust-lang/crates.io-index"
checksum = "3f9eec918d3f24069decb9af1554cad7c880e2da24a9afd88aca000531ab82c1"

[[package]]
name = "form_urlencoded"
version = "1.0.1"
source = "registry+https://github.com/rust-lang/crates.io-index"
checksum = "5fc25a87fa4fd2094bffb06925852034d90a17f0d1e05197d4956d3555752191"
dependencies = [
 "matches",
 "percent-encoding",
]

[[package]]
name = "fst"
version = "0.4.5"
source = "registry+https://github.com/rust-lang/crates.io-index"
checksum = "d79238883cf0307100b90aba4a755d8051a3182305dfe7f649a1e9dc0517006f"

[[package]]
name = "futures"
version = "0.1.31"
source = "registry+https://github.com/rust-lang/crates.io-index"
checksum = "3a471a38ef8ed83cd6e40aa59c1ffe17db6855c18e3604d9c4ed8c08ebc28678"

[[package]]
name = "futures"
version = "0.3.13"
source = "registry+https://github.com/rust-lang/crates.io-index"
checksum = "7f55667319111d593ba876406af7c409c0ebb44dc4be6132a783ccf163ea14c1"
dependencies = [
 "futures-channel",
 "futures-core",
 "futures-executor",
 "futures-io",
 "futures-sink",
 "futures-task",
 "futures-util",
]

[[package]]
name = "futures-channel"
version = "0.3.13"
source = "registry+https://github.com/rust-lang/crates.io-index"
checksum = "8c2dd2df839b57db9ab69c2c9d8f3e8c81984781937fe2807dc6dcf3b2ad2939"
dependencies = [
 "futures-core",
 "futures-sink",
]

[[package]]
name = "futures-core"
version = "0.3.13"
source = "registry+https://github.com/rust-lang/crates.io-index"
checksum = "15496a72fabf0e62bdc3df11a59a3787429221dd0710ba8ef163d6f7a9112c94"

[[package]]
name = "futures-executor"
version = "0.3.13"
source = "registry+https://github.com/rust-lang/crates.io-index"
checksum = "891a4b7b96d84d5940084b2a37632dd65deeae662c114ceaa2c879629c9c0ad1"
dependencies = [
 "futures-core",
 "futures-task",
 "futures-util",
]

[[package]]
name = "futures-io"
version = "0.3.13"
source = "registry+https://github.com/rust-lang/crates.io-index"
checksum = "d71c2c65c57704c32f5241c1223167c2c3294fd34ac020c807ddbe6db287ba59"

[[package]]
name = "futures-macro"
version = "0.3.13"
source = "registry+https://github.com/rust-lang/crates.io-index"
checksum = "ea405816a5139fb39af82c2beb921d52143f556038378d6db21183a5c37fbfb7"
dependencies = [
 "proc-macro-hack",
 "proc-macro2 1.0.26",
 "quote 1.0.9",
 "syn 1.0.68",
]

[[package]]
name = "futures-sink"
version = "0.3.13"
source = "registry+https://github.com/rust-lang/crates.io-index"
checksum = "85754d98985841b7d4f5e8e6fbfa4a4ac847916893ec511a2917ccd8525b8bb3"

[[package]]
name = "futures-task"
version = "0.3.13"
source = "registry+https://github.com/rust-lang/crates.io-index"
checksum = "fa189ef211c15ee602667a6fcfe1c1fd9e07d42250d2156382820fba33c9df80"

[[package]]
name = "futures-util"
version = "0.3.13"
source = "registry+https://github.com/rust-lang/crates.io-index"
checksum = "1812c7ab8aedf8d6f2701a43e1243acdbcc2b36ab26e2ad421eb99ac963d96d1"
dependencies = [
 "futures 0.1.31",
 "futures-channel",
 "futures-core",
 "futures-io",
 "futures-macro",
 "futures-sink",
 "futures-task",
 "memchr",
 "pin-project-lite",
 "pin-utils",
 "proc-macro-hack",
 "proc-macro-nested",
 "slab",
]

[[package]]
name = "fxhash"
version = "0.2.1"
source = "registry+https://github.com/rust-lang/crates.io-index"
checksum = "c31b6d751ae2c7f11320402d34e41349dd1016f8d5d45e48c4312bc8625af50c"
dependencies = [
 "byteorder",
]

[[package]]
name = "getrandom"
version = "0.2.2"
source = "registry+https://github.com/rust-lang/crates.io-index"
checksum = "c9495705279e7140bf035dde1f6e750c162df8b625267cd52cc44e0b156732c8"
dependencies = [
 "cfg-if 1.0.0",
 "js-sys",
 "libc",
 "wasi",
 "wasm-bindgen",
]

[[package]]
name = "gloo-events"
version = "0.1.1"
source = "registry+https://github.com/rust-lang/crates.io-index"
checksum = "088514ec8ef284891c762c88a66b639b3a730134714692ee31829765c5bc814f"
dependencies = [
 "wasm-bindgen",
 "web-sys",
]

[[package]]
name = "gloo-file"
version = "0.1.0"
source = "registry+https://github.com/rust-lang/crates.io-index"
checksum = "8f9fecfe46b5dc3cc46f58e98ba580cc714f2c93860796d002eb3527a465ef49"
dependencies = [
 "futures-channel",
 "gloo-events",
 "js-sys",
 "wasm-bindgen",
 "web-sys",
]

[[package]]
name = "gloo-timers"
version = "0.2.1"
source = "registry+https://github.com/rust-lang/crates.io-index"
checksum = "47204a46aaff920a1ea58b11d03dec6f704287d27561724a4631e450654a891f"
dependencies = [
 "futures-channel",
 "futures-core",
 "js-sys",
 "wasm-bindgen",
 "web-sys",
]

[[package]]
name = "harsh"
version = "0.1.7"
source = "registry+https://github.com/rust-lang/crates.io-index"
checksum = "10443b982f3cdf707e47ab0e2b962693598640ccc576ab9db9339c09ffc3071f"

[[package]]
name = "hash_hasher"
version = "2.0.3"
source = "registry+https://github.com/rust-lang/crates.io-index"
checksum = "74721d007512d0cb3338cd20f0654ac913920061a4c4d0d8708edb3f2a698c0c"

[[package]]
name = "hashbrown"
version = "0.9.1"
source = "registry+https://github.com/rust-lang/crates.io-index"
checksum = "d7afe4a420e3fe79967a00898cc1f4db7c8a49a9333a29f8a4bd76a253d5cd04"
dependencies = [
 "ahash",
]

[[package]]
name = "heck"
version = "0.3.2"
source = "registry+https://github.com/rust-lang/crates.io-index"
checksum = "87cbf45460356b7deeb5e3415b5563308c0a9b057c85e12b06ad551f98d0a6ac"
dependencies = [
 "unicode-segmentation",
]

[[package]]
name = "hex"
version = "0.4.3"
source = "registry+https://github.com/rust-lang/crates.io-index"
checksum = "7f24254aa9a54b5c858eaee2f5bccdb46aaf0e486a595ed5fd8f86ba55232a70"

[[package]]
name = "http"
version = "0.2.3"
source = "registry+https://github.com/rust-lang/crates.io-index"
checksum = "7245cd7449cc792608c3c8a9eaf69bd4eabbabf802713748fd739c98b82f0747"
dependencies = [
 "bytes",
 "fnv",
 "itoa",
]

[[package]]
name = "ident_case"
version = "1.0.1"
source = "registry+https://github.com/rust-lang/crates.io-index"
checksum = "b9e0384b61958566e926dc50660321d12159025e767c18e043daf26b70104c39"

[[package]]
name = "idna"
version = "0.2.2"
source = "registry+https://github.com/rust-lang/crates.io-index"
checksum = "89829a5d69c23d348314a7ac337fe39173b61149a9864deabd260983aed48c21"
dependencies = [
 "matches",
 "unicode-bidi",
 "unicode-normalization",
]

[[package]]
name = "illicit"
version = "1.1.2"
source = "registry+https://github.com/rust-lang/crates.io-index"
checksum = "a8b336d323555c6ca57e96f90df894ce3f621a25c3862a9d2d8e67caa31710d3"
dependencies = [
 "illicit-macro",
 "owning_ref",
 "scopeguard",
]

[[package]]
name = "illicit-macro"
version = "1.0.0"
source = "registry+https://github.com/rust-lang/crates.io-index"
checksum = "e735fac4fa42c34ce6d7fb2f5a729bf1e5db239f3b09aa7bf36f2068147d7d96"
dependencies = [
 "proc-macro-error",
 "quote 1.0.9",
 "syn 1.0.68",
]

[[package]]
name = "indexmap"
version = "1.6.2"
source = "registry+https://github.com/rust-lang/crates.io-index"
checksum = "824845a0bf897a9042383849b02c1bc219c2383772efcd5c6f9766fa4b81aef3"
dependencies = [
 "autocfg",
 "hashbrown",
]

[[package]]
name = "instant"
version = "0.1.9"
source = "registry+https://github.com/rust-lang/crates.io-index"
checksum = "61124eeebbd69b8190558df225adf7e4caafce0d743919e5d6b19652314ec5ec"
dependencies = [
 "cfg-if 1.0.0",
 "js-sys",
 "wasm-bindgen",
 "web-sys",
]

[[package]]
name = "itertools"
version = "0.8.2"
source = "registry+https://github.com/rust-lang/crates.io-index"
checksum = "f56a2d0bc861f9165be4eb3442afd3c236d8a98afd426f65d92324ae1091a484"
dependencies = [
 "either",
]

[[package]]
name = "itertools"
version = "0.10.0"
source = "registry+https://github.com/rust-lang/crates.io-index"
checksum = "37d572918e350e82412fe766d24b15e6682fb2ed2bbe018280caa810397cb319"
dependencies = [
 "either",
]

[[package]]
name = "itoa"
version = "0.4.7"
source = "registry+https://github.com/rust-lang/crates.io-index"
checksum = "dd25036021b0de88a0aff6b850051563c6516d0bf53f8638938edbb9de732736"

[[package]]
name = "js-sys"
version = "0.3.51"
source = "registry+https://github.com/rust-lang/crates.io-index"
checksum = "83bdfbace3a0e81a4253f73b49e960b053e396a11012cbd49b9b74d6a2b67062"
dependencies = [
 "wasm-bindgen",
]

[[package]]
name = "lazy_static"
version = "1.4.0"
source = "registry+https://github.com/rust-lang/crates.io-index"
checksum = "e2abad23fbc42b3700f2f279844dc832adb2b2eb069b2df918f455c4e18cc646"

[[package]]
name = "lazysort"
version = "0.2.1"
source = "registry+https://github.com/rust-lang/crates.io-index"
checksum = "d0e22ff43b231e0e2f87d74984e53ebc73b90ae13397e041214fb07efc64168f"

[[package]]
name = "libc"
version = "0.2.88"
source = "registry+https://github.com/rust-lang/crates.io-index"
checksum = "03b07a082330a35e43f63177cc01689da34fbffa0105e1246cf0311472cac73a"

[[package]]
name = "localsearch"
version = "0.1.0"
source = "git+ssh://git@github.com/MartinKavik/Localsearch.git?branch=master#bf433e2a8ff67bf7683498835a7691f93e4cbe8e"
dependencies = [
 "fst",
 "fxhash",
 "num-traits",
 "utf8-ranges",
]

[[package]]
name = "lock_api"
version = "0.4.2"
source = "registry+https://github.com/rust-lang/crates.io-index"
checksum = "dd96ffd135b2fd7b973ac026d28085defbe8983df057ced3eb4f2130b0831312"
dependencies = [
 "scopeguard",
]

[[package]]
name = "log"
version = "0.4.14"
source = "registry+https://github.com/rust-lang/crates.io-index"
checksum = "51b9bbe6c47d51fc3e1a9b945965946b4c44142ab8792c50835a980d362c2710"
dependencies = [
 "cfg-if 1.0.0",
]

[[package]]
name = "matches"
version = "0.1.8"
source = "registry+https://github.com/rust-lang/crates.io-index"
checksum = "7ffc5c5338469d4d3ea17d269fa8ea3512ad247247c30bd2df69e68309ed0a08"

[[package]]
name = "maybe-uninit"
version = "2.0.0"
source = "registry+https://github.com/rust-lang/crates.io-index"
checksum = "60302e4db3a61da70c0cb7991976248362f30319e88850c487b9b95bbf059e00"

[[package]]
name = "memchr"
version = "2.3.4"
source = "registry+https://github.com/rust-lang/crates.io-index"
checksum = "0ee1c47aaa256ecabcaea351eae4a9b01ef39ed810004e298d2511ed284b1525"

[[package]]
name = "nodrop"
version = "0.1.14"
source = "registry+https://github.com/rust-lang/crates.io-index"
checksum = "72ef4a56884ca558e5ddb05a1d1e7e1bfd9a68d9ed024c21704cc98872dae1bb"

[[package]]
name = "num-integer"
version = "0.1.44"
source = "registry+https://github.com/rust-lang/crates.io-index"
checksum = "d2cc698a63b549a70bc047073d2949cce27cd1c7b0a4a862d08a8031bc2801db"
dependencies = [
 "autocfg",
 "num-traits",
]

[[package]]
name = "num-traits"
version = "0.2.14"
source = "registry+https://github.com/rust-lang/crates.io-index"
checksum = "9a64b1ec5cda2586e284722486d802acf1f7dbdc623e2bfc57e65ca1cd099290"
dependencies = [
 "autocfg",
]

[[package]]
name = "objekt"
version = "0.1.2"
source = "registry+https://github.com/rust-lang/crates.io-index"
checksum = "2069a3ae3dad97a4ae47754e8f47e5d2f1fd32ab7ad8a84bb31d051faa59cc3c"

[[package]]
name = "objekt-clonable"
version = "0.2.2"
source = "registry+https://github.com/rust-lang/crates.io-index"
checksum = "d71457e634c3ac4964316163daa2e875d9244fbe564a9dd9bc97293b33ddfdcc"
dependencies = [
 "objekt",
 "objekt-clonable-impl",
]

[[package]]
name = "objekt-clonable-impl"
version = "0.2.2"
source = "registry+https://github.com/rust-lang/crates.io-index"
checksum = "de208d4d34735c5d42944c88c84e21ed7cb9e5a4ce6e862c926ffc59f45160c9"
dependencies = [
 "proc-macro2 0.4.30",
 "quote 0.6.13",
 "syn 0.15.44",
]

[[package]]
name = "once_cell"
version = "1.7.2"
source = "registry+https://github.com/rust-lang/crates.io-index"
checksum = "af8b08b04175473088b46763e51ee54da5f9a164bc162f615b91bc179dbf15a3"

[[package]]
name = "ordered-float"
version = "1.1.1"
source = "registry+https://github.com/rust-lang/crates.io-index"
checksum = "3305af35278dd29f46fcdd139e0b1fbfae2153f0e5928b39b035542dd31e37b7"
dependencies = [
 "num-traits",
]

[[package]]
name = "owning_ref"
version = "0.4.1"
source = "registry+https://github.com/rust-lang/crates.io-index"
checksum = "6ff55baddef9e4ad00f88b6c743a2a8062d4c6ade126c2a528644b8e444d52ce"
dependencies = [
 "stable_deref_trait",
]

[[package]]
name = "parking_lot"
version = "0.11.1"
source = "registry+https://github.com/rust-lang/crates.io-index"
checksum = "6d7744ac029df22dca6284efe4e898991d28e3085c706c972bcd7da4a27a15eb"
dependencies = [
 "instant",
 "lock_api",
 "parking_lot_core",
]

[[package]]
name = "parking_lot_core"
version = "0.8.3"
source = "registry+https://github.com/rust-lang/crates.io-index"
checksum = "fa7a782938e745763fe6907fc6ba86946d72f49fe7e21de074e08128a99fb018"
dependencies = [
 "cfg-if 1.0.0",
 "instant",
 "libc",
 "redox_syscall",
 "smallvec 1.6.1",
 "winapi",
]

[[package]]
name = "paste"
version = "1.0.4"
source = "registry+https://github.com/rust-lang/crates.io-index"
checksum = "c5d65c4d95931acda4498f675e332fcbdc9a06705cd07086c510e9b6009cd1c1"

[[package]]
name = "percent-encoding"
version = "2.1.0"
source = "registry+https://github.com/rust-lang/crates.io-index"
checksum = "d4fd5641d01c8f18a23da7b6fe29298ff4b55afcccdf78973b24cf3175fee32e"

[[package]]
name = "pest"
version = "2.1.3"
source = "registry+https://github.com/rust-lang/crates.io-index"
checksum = "10f4872ae94d7b90ae48754df22fd42ad52ce740b8f370b03da4835417403e53"
dependencies = [
 "ucd-trie",
]

[[package]]
name = "pin-project-lite"
version = "0.2.6"
source = "registry+https://github.com/rust-lang/crates.io-index"
checksum = "dc0e1f259c92177c30a4c9d177246edd0a3568b25756a977d0632cf8fa37e905"

[[package]]
name = "pin-utils"
version = "0.1.0"
source = "registry+https://github.com/rust-lang/crates.io-index"
checksum = "8b870d8c151b6f2fb93e84a13146138f05d02ed11c7e7c54f8826aaaf7c9f184"

[[package]]
name = "ppv-lite86"
version = "0.2.10"
source = "registry+https://github.com/rust-lang/crates.io-index"
checksum = "ac74c624d6b2d21f425f752262f42188365d7b8ff1aff74c82e45136510a4857"

[[package]]
name = "proc-macro-crate"
version = "0.1.5"
source = "registry+https://github.com/rust-lang/crates.io-index"
checksum = "1d6ea3c4595b96363c13943497db34af4460fb474a95c43f4446ad341b8c9785"
dependencies = [
 "toml",
]

[[package]]
name = "proc-macro-error"
version = "1.0.4"
source = "registry+https://github.com/rust-lang/crates.io-index"
checksum = "da25490ff9892aab3fcf7c36f08cfb902dd3e71ca0f9f9517bea02a73a5ce38c"
dependencies = [
 "proc-macro-error-attr",
 "proc-macro2 1.0.26",
 "quote 1.0.9",
 "syn 1.0.68",
 "version_check 0.9.2",
]

[[package]]
name = "proc-macro-error-attr"
version = "1.0.4"
source = "registry+https://github.com/rust-lang/crates.io-index"
checksum = "a1be40180e52ecc98ad80b184934baf3d0d29f979574e439af5a55274b35f869"
dependencies = [
 "proc-macro2 1.0.26",
 "quote 1.0.9",
 "version_check 0.9.2",
]

[[package]]
name = "proc-macro-hack"
version = "0.5.19"
source = "registry+https://github.com/rust-lang/crates.io-index"
checksum = "dbf0c48bc1d91375ae5c3cd81e3722dff1abcf81a30960240640d223f59fe0e5"

[[package]]
name = "proc-macro-nested"
version = "0.1.7"
source = "registry+https://github.com/rust-lang/crates.io-index"
checksum = "bc881b2c22681370c6a780e47af9840ef841837bc98118431d4e1868bd0c1086"

[[package]]
name = "proc-macro2"
version = "0.4.30"
source = "registry+https://github.com/rust-lang/crates.io-index"
checksum = "cf3d2011ab5c909338f7887f4fc896d35932e29146c12c8d01da6b22a80ba759"
dependencies = [
 "unicode-xid 0.1.0",
]

[[package]]
name = "proc-macro2"
version = "1.0.26"
source = "registry+https://github.com/rust-lang/crates.io-index"
checksum = "a152013215dca273577e18d2bf00fa862b89b24169fb78c4c95aeb07992c9cec"
dependencies = [
 "unicode-xid 0.2.1",
]

[[package]]
name = "proc_macro_roids"
version = "0.7.0"
source = "registry+https://github.com/rust-lang/crates.io-index"
checksum = "06675fa2c577f52bcf77fbb511123927547d154faa08097cc012c66ec3c9611a"
dependencies = [
 "proc-macro2 1.0.26",
 "quote 1.0.9",
 "syn 1.0.68",
]

[[package]]
name = "quote"
version = "0.6.13"
source = "registry+https://github.com/rust-lang/crates.io-index"
checksum = "6ce23b6b870e8f94f81fb0a363d65d86675884b34a09043c81e5562f11c1f8e1"
dependencies = [
 "proc-macro2 0.4.30",
]

[[package]]
name = "quote"
version = "1.0.9"
source = "registry+https://github.com/rust-lang/crates.io-index"
checksum = "c3d0b9745dc2debf507c8422de05d7226cc1f0644216dfdfead988f9b1ab32a7"
dependencies = [
 "proc-macro2 1.0.26",
]

[[package]]
name = "rand"
version = "0.8.3"
source = "registry+https://github.com/rust-lang/crates.io-index"
checksum = "0ef9e7e66b4468674bfcb0c81af8b7fa0bb154fa9f28eb840da5c447baeb8d7e"
dependencies = [
 "libc",
 "rand_chacha",
 "rand_core",
 "rand_hc",
]

[[package]]
name = "rand_chacha"
version = "0.3.0"
source = "registry+https://github.com/rust-lang/crates.io-index"
checksum = "e12735cf05c9e10bf21534da50a147b924d555dc7a547c42e6bb2d5b6017ae0d"
dependencies = [
 "ppv-lite86",
 "rand_core",
]

[[package]]
name = "rand_core"
version = "0.6.2"
source = "registry+https://github.com/rust-lang/crates.io-index"
checksum = "34cf66eb183df1c5876e2dcf6b13d57340741e8dc255b48e40a26de954d06ae7"
dependencies = [
 "getrandom",
]

[[package]]
name = "rand_hc"
version = "0.3.0"
source = "registry+https://github.com/rust-lang/crates.io-index"
checksum = "3190ef7066a446f2e7f42e239d161e905420ccab01eb967c9eb27d21b2322a73"
dependencies = [
 "rand_core",
]

[[package]]
name = "redox_syscall"
version = "0.2.5"
source = "registry+https://github.com/rust-lang/crates.io-index"
checksum = "94341e4e44e24f6b591b59e47a8a027df12e008d73fd5672dbea9cc22f4507d9"
dependencies = [
 "bitflags",
]

[[package]]
name = "regex"
version = "1.4.3"
source = "registry+https://github.com/rust-lang/crates.io-index"
checksum = "d9251239e129e16308e70d853559389de218ac275b515068abc96829d05b948a"
dependencies = [
 "aho-corasick",
 "memchr",
 "regex-syntax",
 "thread_local",
]

[[package]]
name = "regex-syntax"
version = "0.6.22"
source = "registry+https://github.com/rust-lang/crates.io-index"
checksum = "b5eb417147ba9860a96cfe72a0b93bf88fee1744b5636ec99ab20c1aa9376581"

[[package]]
name = "rust-hsluv"
version = "0.1.4"
source = "registry+https://github.com/rust-lang/crates.io-index"
checksum = "efe2374f2385cdd8755a446f80b2a646de603c9d8539ca38734879b5c71e378b"

[[package]]
name = "rustc_version"
version = "0.2.3"
source = "registry+https://github.com/rust-lang/crates.io-index"
checksum = "138e3e0acb6c9fb258b19b67cb8abd63c00679d2851805ea151465464fe9030a"
dependencies = [
 "semver 0.9.0",
]

[[package]]
name = "ryu"
version = "1.0.5"
source = "registry+https://github.com/rust-lang/crates.io-index"
checksum = "71d301d4193d031abdd79ff7e3dd721168a9572ef3fe51a1517aba235bd8f86e"

[[package]]
name = "scoped-tls"
version = "1.0.0"
source = "registry+https://github.com/rust-lang/crates.io-index"
checksum = "ea6a9290e3c9cf0f18145ef7ffa62d68ee0bf5fcd651017e586dc7fd5da448c2"

[[package]]
name = "scopeguard"
version = "1.1.0"
source = "registry+https://github.com/rust-lang/crates.io-index"
checksum = "d29ab0c6d3fc0ee92fe66e2d99f700eab17a8d57d1c1d3b748380fb20baa78cd"

[[package]]
name = "seed"
version = "0.8.0"
source = "git+https://github.com/seed-rs/seed?branch=master#89245248e3d129967725361130437a5e0affef4b"
dependencies = [
 "console_error_panic_hook",
 "cookie",
 "dbg",
 "enclose",
 "futures 0.3.13",
 "getrandom",
 "gloo-file",
 "gloo-timers",
 "indexmap",
 "js-sys",
 "rand",
 "serde",
 "serde_json",
 "uuid",
 "version_check 0.9.2",
 "wasm-bindgen",
 "wasm-bindgen-futures",
 "web-sys",
]

[[package]]
name = "seed_hooks"
version = "0.1.5"
source = "git+https://github.com/seed-rs/styles_hooks?branch=main#354325090fac907fec36517eef9c39ebc4c7bbe2"
dependencies = [
 "atomic_hooks",
 "derive_more",
 "gloo-timers",
 "lazy_static",
 "seed",
 "wasm-bindgen",
 "web-sys",
]

[[package]]
name = "seed_style_macros"
version = "0.1.4"
source = "git+https://github.com/seed-rs/styles_hooks?branch=main#354325090fac907fec36517eef9c39ebc4c7bbe2"
dependencies = [
 "darling",
 "eager",
 "heck",
 "illicit",
 "proc-macro2 1.0.26",
 "quote 1.0.9",
 "seed",
 "seed_hooks",
 "syn 1.0.68",
]

[[package]]
name = "seed_styles"
version = "0.1.9"
source = "git+https://github.com/seed-rs/styles_hooks?branch=main#354325090fac907fec36517eef9c39ebc4c7bbe2"
dependencies = [
 "anymap",
 "derive_more",
 "eager",
 "harsh",
 "objekt-clonable",
 "ordered-float",
 "rust-hsluv",
 "seed",
 "seed_hooks",
 "seed_style_macros",
 "wasm-bindgen",
 "web-sys",
]

[[package]]
name = "semver"
version = "0.9.0"
source = "registry+https://github.com/rust-lang/crates.io-index"
checksum = "1d7eb9ef2c18661902cc47e535f9bc51b78acd254da71d375c2f6720d9a40403"
dependencies = [
 "semver-parser 0.7.0",
]

[[package]]
name = "semver"
version = "0.11.0"
source = "registry+https://github.com/rust-lang/crates.io-index"
checksum = "f301af10236f6df4160f7c3f04eec6dbc70ace82d23326abad5edee88801c6b6"
dependencies = [
 "semver-parser 0.10.2",
 "serde",
]

[[package]]
name = "semver-parser"
version = "0.7.0"
source = "registry+https://github.com/rust-lang/crates.io-index"
checksum = "388a1df253eca08550bef6c72392cfe7c30914bf41df5269b68cbd6ff8f570a3"

[[package]]
name = "semver-parser"
version = "0.10.2"
source = "registry+https://github.com/rust-lang/crates.io-index"
checksum = "00b0bef5b7f9e0df16536d3961cfb6e84331c065b4066afb39768d0e319411f7"
dependencies = [
 "pest",
]

[[package]]
name = "serde"
version = "1.0.124"
source = "registry+https://github.com/rust-lang/crates.io-index"
checksum = "bd761ff957cb2a45fbb9ab3da6512de9de55872866160b23c25f1a841e99d29f"
dependencies = [
 "serde_derive",
]

[[package]]
name = "serde-hex"
version = "0.1.0"
source = "registry+https://github.com/rust-lang/crates.io-index"
checksum = "ca37e3e4d1b39afd7ff11ee4e947efae85adfddf4841787bfa47c470e96dc26d"
dependencies = [
 "array-init",
 "serde",
 "smallvec 0.6.14",
]

[[package]]
name = "serde-wasm-bindgen"
version = "0.3.0"
source = "registry+https://github.com/rust-lang/crates.io-index"
checksum = "1102fa7714968fcf70fd8efa29fb3b189e20ef0e7701fbab9634384dda034bf3"
dependencies = [
 "fnv",
 "js-sys",
 "serde",
 "wasm-bindgen",
]

[[package]]
name = "serde_derive"
version = "1.0.124"
source = "registry+https://github.com/rust-lang/crates.io-index"
checksum = "1800f7693e94e186f5e25a28291ae1570da908aff7d97a095dec1e56ff99069b"
dependencies = [
 "proc-macro2 1.0.26",
 "quote 1.0.9",
 "syn 1.0.68",
]

[[package]]
name = "serde_json"
version = "1.0.64"
source = "registry+https://github.com/rust-lang/crates.io-index"
checksum = "799e97dc9fdae36a5c8b8f2cae9ce2ee9fdce2058c57a93e6099d919fd982f79"
dependencies = [
 "itoa",
 "ryu",
 "serde",
]

[[package]]
name = "sha1"
version = "0.6.0"
source = "registry+https://github.com/rust-lang/crates.io-index"
checksum = "2579985fda508104f7587689507983eadd6a6e84dd35d6d115361f530916fa0d"

[[package]]
name = "slab"
version = "0.4.2"
source = "registry+https://github.com/rust-lang/crates.io-index"
checksum = "c111b5bd5695e56cffe5129854aa230b39c93a305372fdbb2668ca2394eea9f8"

[[package]]
name = "slotmap"
version = "0.4.0"
source = "registry+https://github.com/rust-lang/crates.io-index"
checksum = "c46a3482db8f247956e464d783693ece164ca056e6e67563ee5505bdb86452cd"

[[package]]
name = "smallvec"
version = "0.6.14"
source = "registry+https://github.com/rust-lang/crates.io-index"
checksum = "b97fcaeba89edba30f044a10c6a3cc39df9c3f17d7cd829dd1446cab35f890e0"
dependencies = [
 "maybe-uninit",
]

[[package]]
name = "smallvec"
version = "1.6.1"
source = "registry+https://github.com/rust-lang/crates.io-index"
checksum = "fe0f37c9e8f3c5a4a66ad655a93c74daac4ad00c441533bf5c6e7990bb42604e"

[[package]]
name = "stable_deref_trait"
version = "1.2.0"
source = "registry+https://github.com/rust-lang/crates.io-index"
checksum = "a8f112729512f8e442d81f95a8a7ddf2b7c6b8a1a6f509a95864142b30cab2d3"

[[package]]
name = "standback"
version = "0.2.15"
source = "registry+https://github.com/rust-lang/crates.io-index"
checksum = "a2beb4d1860a61f571530b3f855a1b538d0200f7871c63331ecd6f17b1f014f8"
dependencies = [
 "version_check 0.9.2",
]

[[package]]
name = "stdweb"
version = "0.4.20"
source = "registry+https://github.com/rust-lang/crates.io-index"
checksum = "d022496b16281348b52d0e30ae99e01a73d737b2f45d38fed4edf79f9325a1d5"
dependencies = [
 "discard",
 "rustc_version",
 "stdweb-derive",
 "stdweb-internal-macros",
 "stdweb-internal-runtime",
 "wasm-bindgen",
]

[[package]]
name = "stdweb-derive"
version = "0.5.3"
source = "registry+https://github.com/rust-lang/crates.io-index"
checksum = "c87a60a40fccc84bef0652345bbbbbe20a605bf5d0ce81719fc476f5c03b50ef"
dependencies = [
 "proc-macro2 1.0.26",
 "quote 1.0.9",
 "serde",
 "serde_derive",
 "syn 1.0.68",
]

[[package]]
name = "stdweb-internal-macros"
version = "0.2.9"
source = "registry+https://github.com/rust-lang/crates.io-index"
checksum = "58fa5ff6ad0d98d1ffa8cb115892b6e69d67799f6763e162a1c9db421dc22e11"
dependencies = [
 "base-x",
 "proc-macro2 1.0.26",
 "quote 1.0.9",
 "serde",
 "serde_derive",
 "serde_json",
 "sha1",
 "syn 1.0.68",
]

[[package]]
name = "stdweb-internal-runtime"
version = "0.1.5"
source = "registry+https://github.com/rust-lang/crates.io-index"
checksum = "213701ba3370744dcd1a12960caa4843b3d68b4d1c0a5d575e0d65b2ee9d16c0"

[[package]]
name = "stremio-analytics"
version = "0.1.0"
source = "git+ssh://git@github.com/Stremio/stremio-core?branch=development#8c7e33bf905abbc5af7a64efab0e1cd240f65d2a"
dependencies = [
 "derivative",
 "enclose",
 "futures 0.3.13",
 "serde",
 "serde_json",
 "stremio-core",
]

[[package]]
name = "stremio-core"
version = "0.1.0"
source = "git+ssh://git@github.com/Stremio/stremio-core?branch=development#8c7e33bf905abbc5af7a64efab0e1cd240f65d2a"
dependencies = [
 "base64",
 "boolinator",
 "chrono",
 "derivative",
 "derive_more",
 "either",
 "enclose",
 "futures 0.3.13",
 "http",
 "itertools 0.10.0",
 "lazy_static",
 "lazysort",
 "percent-encoding",
 "semver 0.11.0",
 "serde",
 "serde-hex",
 "serde_json",
 "stremio-derive",
 "stremio-official-addons",
 "strum",
 "strum_macros",
 "url",
]

[[package]]
name = "stremio-derive"
version = "0.1.0"
source = "git+ssh://git@github.com/Stremio/stremio-core?branch=development#8c7e33bf905abbc5af7a64efab0e1cd240f65d2a"
dependencies = [
 "case",
 "proc-macro-crate",
 "proc-macro2 1.0.26",
 "proc_macro_roids",
 "quote 1.0.9",
 "syn 1.0.68",
]

[[package]]
name = "stremio-example-seed"
version = "0.1.1"
dependencies = [
 "chrono",
 "enclose",
 "futures 0.3.13",
 "getrandom",
 "hex",
 "http",
 "indexmap",
 "itertools 0.8.2",
 "js-sys",
 "lazy_static",
 "localsearch",
 "regex",
 "seed",
 "seed_hooks",
 "seed_styles",
 "serde",
 "serde-wasm-bindgen",
 "serde_json",
 "stremio-analytics",
 "stremio-core",
 "stremio-derive",
 "url",
 "wasm-bindgen",
 "wasm-bindgen-futures",
 "wasm-bindgen-test",
 "web-sys",
]

[[package]]
name = "stremio-official-addons"
version = "2.0.7"
source = "registry+https://github.com/rust-lang/crates.io-index"
checksum = "e3ccb0926980465155ebd37d461e5bf6eafb24d6984767997e13d1771c4ca0c6"

[[package]]
name = "strsim"
version = "0.9.3"
source = "registry+https://github.com/rust-lang/crates.io-index"
checksum = "6446ced80d6c486436db5c078dde11a9f73d42b57fb273121e160b84f63d894c"

[[package]]
name = "strum"
version = "0.20.0"
source = "registry+https://github.com/rust-lang/crates.io-index"
checksum = "7318c509b5ba57f18533982607f24070a55d353e90d4cae30c467cdb2ad5ac5c"

[[package]]
name = "strum_macros"
version = "0.20.1"
source = "registry+https://github.com/rust-lang/crates.io-index"
checksum = "ee8bc6b87a5112aeeab1f4a9f7ab634fe6cbefc4850006df31267f4cfb9e3149"
dependencies = [
 "heck",
 "proc-macro2 1.0.26",
 "quote 1.0.9",
 "syn 1.0.68",
]

[[package]]
name = "syn"
version = "0.15.44"
source = "registry+https://github.com/rust-lang/crates.io-index"
checksum = "9ca4b3b69a77cbe1ffc9e198781b7acb0c7365a883670e8f1c1bc66fba79a5c5"
dependencies = [
 "proc-macro2 0.4.30",
 "quote 0.6.13",
 "unicode-xid 0.1.0",
]

[[package]]
name = "syn"
version = "1.0.68"
source = "registry+https://github.com/rust-lang/crates.io-index"
checksum = "3ce15dd3ed8aa2f8eeac4716d6ef5ab58b6b9256db41d7e1a0224c2788e8fd87"
dependencies = [
 "proc-macro2 1.0.26",
 "quote 1.0.9",
 "unicode-xid 0.2.1",
]

[[package]]
name = "thread_local"
version = "1.1.3"
source = "registry+https://github.com/rust-lang/crates.io-index"
checksum = "8018d24e04c95ac8790716a5987d0fec4f8b27249ffa0f7d33f1369bdfb88cbd"
dependencies = [
 "once_cell",
]

[[package]]
name = "time"
version = "0.1.44"
source = "registry+https://github.com/rust-lang/crates.io-index"
checksum = "6db9e6914ab8b1ae1c260a4ae7a49b6c5611b40328a735b21862567685e73255"
dependencies = [
 "libc",
 "wasi",
 "winapi",
]

[[package]]
name = "time"
version = "0.2.25"
source = "registry+https://github.com/rust-lang/crates.io-index"
checksum = "1195b046942c221454c2539395f85413b33383a067449d78aab2b7b052a142f7"
dependencies = [
 "const_fn",
 "libc",
 "standback",
 "stdweb",
 "time-macros",
 "version_check 0.9.2",
 "winapi",
]

[[package]]
name = "time-macros"
version = "0.1.1"
source = "registry+https://github.com/rust-lang/crates.io-index"
checksum = "957e9c6e26f12cb6d0dd7fc776bb67a706312e7299aed74c8dd5b17ebb27e2f1"
dependencies = [
 "proc-macro-hack",
 "time-macros-impl",
]

[[package]]
name = "time-macros-impl"
version = "0.1.1"
source = "registry+https://github.com/rust-lang/crates.io-index"
checksum = "e5c3be1edfad6027c69f5491cf4cb310d1a71ecd6af742788c6ff8bced86b8fa"
dependencies = [
 "proc-macro-hack",
 "proc-macro2 1.0.26",
 "quote 1.0.9",
 "standback",
 "syn 1.0.68",
]

[[package]]
name = "tinyvec"
version = "1.1.1"
source = "registry+https://github.com/rust-lang/crates.io-index"
checksum = "317cca572a0e89c3ce0ca1f1bdc9369547fe318a683418e42ac8f59d14701023"
dependencies = [
 "tinyvec_macros",
]

[[package]]
name = "tinyvec_macros"
version = "0.1.0"
source = "registry+https://github.com/rust-lang/crates.io-index"
checksum = "cda74da7e1a664f795bb1f8a87ec406fb89a02522cf6e50620d016add6dbbf5c"

[[package]]
name = "toml"
version = "0.5.8"
source = "registry+https://github.com/rust-lang/crates.io-index"
checksum = "a31142970826733df8241ef35dc040ef98c679ab14d7c3e54d827099b3acecaa"
dependencies = [
 "serde",
]

[[package]]
name = "topo"
version = "0.13.2"
source = "registry+https://github.com/rust-lang/crates.io-index"
checksum = "b3b2366045f6c12eef44a8396a272b2064a8a8ac996c415add2fce4304f355f9"
dependencies = [
 "dyn-cache",
 "illicit",
 "once_cell",
 "parking_lot",
 "topo-macro",
]

[[package]]
name = "topo-macro"
version = "0.10.0"
source = "registry+https://github.com/rust-lang/crates.io-index"
checksum = "b420cb55838be8020a93bdb628c171339fc945c0be4eb8cd1432186a9030b8f2"
dependencies = [
 "quote 1.0.9",
 "syn 1.0.68",
]

[[package]]
name = "traitobject"
version = "0.1.0"
source = "registry+https://github.com/rust-lang/crates.io-index"
checksum = "efd1f82c56340fdf16f2a953d7bda4f8fdffba13d93b00844c25572110b26079"

[[package]]
name = "typemap"
version = "0.3.3"
source = "registry+https://github.com/rust-lang/crates.io-index"
checksum = "653be63c80a3296da5551e1bfd2cca35227e13cdd08c6668903ae2f4f77aa1f6"
dependencies = [
 "unsafe-any",
]

[[package]]
name = "ucd-trie"
version = "0.1.3"
source = "registry+https://github.com/rust-lang/crates.io-index"
checksum = "56dee185309b50d1f11bfedef0fe6d036842e3fb77413abef29f8f8d1c5d4c1c"

[[package]]
name = "unicode-bidi"
version = "0.3.4"
source = "registry+https://github.com/rust-lang/crates.io-index"
checksum = "49f2bd0c6468a8230e1db229cff8029217cf623c767ea5d60bfbd42729ea54d5"
dependencies = [
 "matches",
]

[[package]]
name = "unicode-normalization"
version = "0.1.17"
source = "registry+https://github.com/rust-lang/crates.io-index"
checksum = "07fbfce1c8a97d547e8b5334978438d9d6ec8c20e38f56d4a4374d181493eaef"
dependencies = [
 "tinyvec",
]

[[package]]
name = "unicode-segmentation"
version = "1.7.1"
source = "registry+https://github.com/rust-lang/crates.io-index"
checksum = "bb0d2e7be6ae3a5fa87eed5fb451aff96f2573d2694942e40543ae0bbe19c796"

[[package]]
name = "unicode-xid"
version = "0.1.0"
source = "registry+https://github.com/rust-lang/crates.io-index"
checksum = "fc72304796d0818e357ead4e000d19c9c174ab23dc11093ac919054d20a6a7fc"

[[package]]
name = "unicode-xid"
version = "0.2.1"
source = "registry+https://github.com/rust-lang/crates.io-index"
checksum = "f7fe0bb3479651439c9112f72b6c505038574c9fbb575ed1bf3b797fa39dd564"

[[package]]
name = "unsafe-any"
version = "0.4.2"
source = "registry+https://github.com/rust-lang/crates.io-index"
checksum = "f30360d7979f5e9c6e6cea48af192ea8fab4afb3cf72597154b8f08935bc9c7f"
dependencies = [
 "traitobject",
]

[[package]]
name = "url"
version = "2.2.1"
source = "registry+https://github.com/rust-lang/crates.io-index"
checksum = "9ccd964113622c8e9322cfac19eb1004a07e636c545f325da085d5cdde6f1f8b"
dependencies = [
 "form_urlencoded",
 "idna",
 "matches",
 "percent-encoding",
 "serde",
]

[[package]]
name = "utf8-ranges"
version = "1.0.4"
source = "registry+https://github.com/rust-lang/crates.io-index"
checksum = "b4ae116fef2b7fea257ed6440d3cfcff7f190865f170cdad00bb6465bf18ecba"

[[package]]
name = "uuid"
version = "0.8.2"
source = "registry+https://github.com/rust-lang/crates.io-index"
checksum = "bc5cf98d8186244414c848017f0e2676b3fcb46807f6668a97dfe67359a3c4b7"
dependencies = [
 "getrandom",
]

[[package]]
name = "version_check"
version = "0.1.5"
source = "registry+https://github.com/rust-lang/crates.io-index"
checksum = "914b1a6776c4c929a602fafd8bc742e06365d4bcbe48c30f9cca5824f70dc9dd"

[[package]]
name = "version_check"
version = "0.9.2"
source = "registry+https://github.com/rust-lang/crates.io-index"
checksum = "b5a972e5669d67ba988ce3dc826706fb0a8b01471c088cb0b6110b805cc36aed"

[[package]]
name = "wasi"
version = "0.10.0+wasi-snapshot-preview1"
source = "registry+https://github.com/rust-lang/crates.io-index"
checksum = "1a143597ca7c7793eff794def352d41792a93c481eb1042423ff7ff72ba2c31f"

[[package]]
name = "wasm-bindgen"
version = "0.2.74"
source = "registry+https://github.com/rust-lang/crates.io-index"
checksum = "d54ee1d4ed486f78874278e63e4069fc1ab9f6a18ca492076ffb90c5eb2997fd"
dependencies = [
 "cfg-if 1.0.0",
 "serde",
 "serde_json",
 "wasm-bindgen-macro",
]

[[package]]
name = "wasm-bindgen-backend"
version = "0.2.74"
source = "registry+https://github.com/rust-lang/crates.io-index"
checksum = "3b33f6a0694ccfea53d94db8b2ed1c3a8a4c86dd936b13b9f0a15ec4a451b900"
dependencies = [
 "bumpalo",
 "lazy_static",
 "log",
 "proc-macro2 1.0.26",
 "quote 1.0.9",
 "syn 1.0.68",
 "wasm-bindgen-shared",
]

[[package]]
name = "wasm-bindgen-futures"
version = "0.4.21"
source = "registry+https://github.com/rust-lang/crates.io-index"
checksum = "8e67a5806118af01f0d9045915676b22aaebecf4178ae7021bc171dab0b897ab"
dependencies = [
 "cfg-if 1.0.0",
 "js-sys",
 "wasm-bindgen",
 "web-sys",
]

[[package]]
name = "wasm-bindgen-macro"
version = "0.2.74"
source = "registry+https://github.com/rust-lang/crates.io-index"
checksum = "088169ca61430fe1e58b8096c24975251700e7b1f6fd91cc9d59b04fb9b18bd4"
dependencies = [
 "quote 1.0.9",
 "wasm-bindgen-macro-support",
]

[[package]]
name = "wasm-bindgen-macro-support"
version = "0.2.74"
source = "registry+https://github.com/rust-lang/crates.io-index"
checksum = "be2241542ff3d9f241f5e2cb6dd09b37efe786df8851c54957683a49f0987a97"
dependencies = [
 "proc-macro2 1.0.26",
 "quote 1.0.9",
 "syn 1.0.68",
 "wasm-bindgen-backend",
 "wasm-bindgen-shared",
]

[[package]]
name = "wasm-bindgen-shared"
version = "0.2.74"
source = "registry+https://github.com/rust-lang/crates.io-index"
checksum = "d7cff876b8f18eed75a66cf49b65e7f967cb354a7aa16003fb55dbfd25b44b4f"

[[package]]
name = "wasm-bindgen-test"
version = "0.3.21"
source = "registry+https://github.com/rust-lang/crates.io-index"
checksum = "2ea9e4f0050d5498a160e6b9d278a9699598e445b51dacd05598da55114c801a"
dependencies = [
 "console_error_panic_hook",
 "js-sys",
 "scoped-tls",
 "wasm-bindgen",
 "wasm-bindgen-futures",
 "wasm-bindgen-test-macro",
]

[[package]]
name = "wasm-bindgen-test-macro"
version = "0.3.21"
source = "registry+https://github.com/rust-lang/crates.io-index"
checksum = "43f40402f495d92df6cdd0d329e7cc2580c8f99bcd74faff0e468923a764b7d4"
dependencies = [
 "proc-macro2 1.0.26",
 "quote 1.0.9",
]

[[package]]
name = "web-sys"
version = "0.3.51"
source = "registry+https://github.com/rust-lang/crates.io-index"
checksum = "e828417b379f3df7111d3a2a9e5753706cae29c41f7c4029ee9fd77f3e09e582"
dependencies = [
 "js-sys",
 "wasm-bindgen",
]

[[package]]
name = "winapi"
version = "0.3.9"
source = "registry+https://github.com/rust-lang/crates.io-index"
checksum = "5c839a674fcd7a98952e593242ea400abe93992746761e38641405d28b00f419"
dependencies = [
 "winapi-i686-pc-windows-gnu",
 "winapi-x86_64-pc-windows-gnu",
]

[[package]]
name = "winapi-i686-pc-windows-gnu"
version = "0.4.0"
source = "registry+https://github.com/rust-lang/crates.io-index"
checksum = "ac3b87c63620426dd9b991e5ce0329eff545bccbbb34f3be09ff6fb6ab51b7b6"

[[package]]
name = "winapi-x86_64-pc-windows-gnu"
version = "0.4.0"
source = "registry+https://github.com/rust-lang/crates.io-index"
checksum = "712e227841d057c1ee1cd2fb22fa7e5a5461ae8e48fa2ca79ec42cfc1931183f"
